
Microsoft Visual Studio Solution File, Format Version 12.00
# Visual Studio Version 17
VisualStudioVersion = 17.0.31903.59
MinimumVisualStudioVersion = 10.0.40219.1
Project("{FAE04EC0-301F-11D3-BF4B-00C04F79EFBC}") = "ColorSpheres", "ColorSpheres\ColorSpheres.csproj", "{F02D9EAE-3B12-4864-B993-AB75F2DBCC1C}"
EndProject
Project("{FAE04EC0-301F-11D3-BF4B-00C04F79EFBC}") = "BetterColorSpheres", "BetterColorSpheres\BetterColorSpheres.csproj", "{6EBB936D-A3C7-4A58-845D-2488857DBC83}"
EndProject
Project("{FAE04EC0-301F-11D3-BF4B-00C04F79EFBC}") = "PlayerStats", "PlayerStats\PlayerStats.csproj", "{67A5EF62-4C8F-46CC-A544-0F2B5FA0A39B}"
EndProject
Project("{FAE04EC0-301F-11D3-BF4B-00C04F79EFBC}") = "MyRoguelike", "MyRoguelike\MyRoguelike.csproj", "{F05A1378-4858-4A70-9FC4-6D0A152C5F41}"
EndProject
Global
	GlobalSection(SolutionConfigurationPlatforms) = preSolution
		Debug|Any CPU = Debug|Any CPU
		Release|Any CPU = Release|Any CPU
	EndGlobalSection
	GlobalSection(SolutionProperties) = preSolution
		HideSolutionNode = FALSE
	EndGlobalSection
	GlobalSection(ProjectConfigurationPlatforms) = postSolution
		{F02D9EAE-3B12-4864-B993-AB75F2DBCC1C}.Debug|Any CPU.ActiveCfg = Debug|Any CPU
		{F02D9EAE-3B12-4864-B993-AB75F2DBCC1C}.Debug|Any CPU.Build.0 = Debug|Any CPU
		{F02D9EAE-3B12-4864-B993-AB75F2DBCC1C}.Release|Any CPU.ActiveCfg = Release|Any CPU
		{F02D9EAE-3B12-4864-B993-AB75F2DBCC1C}.Release|Any CPU.Build.0 = Release|Any CPU
		{6EBB936D-A3C7-4A58-845D-2488857DBC83}.Debug|Any CPU.ActiveCfg = Debug|Any CPU
		{6EBB936D-A3C7-4A58-845D-2488857DBC83}.Debug|Any CPU.Build.0 = Debug|Any CPU
		{6EBB936D-A3C7-4A58-845D-2488857DBC83}.Release|Any CPU.ActiveCfg = Release|Any CPU
		{6EBB936D-A3C7-4A58-845D-2488857DBC83}.Release|Any CPU.Build.0 = Release|Any CPU
		{67A5EF62-4C8F-46CC-A544-0F2B5FA0A39B}.Debug|Any CPU.ActiveCfg = Debug|Any CPU
		{67A5EF62-4C8F-46CC-A544-0F2B5FA0A39B}.Debug|Any CPU.Build.0 = Debug|Any CPU
		{67A5EF62-4C8F-46CC-A544-0F2B5FA0A39B}.Release|Any CPU.ActiveCfg = Release|Any CPU
		{67A5EF62-4C8F-46CC-A544-0F2B5FA0A39B}.Release|Any CPU.Build.0 = Release|Any CPU
		{F05A1378-4858-4A70-9FC4-6D0A152C5F41}.Debug|Any CPU.ActiveCfg = Debug|Any CPU
		{F05A1378-4858-4A70-9FC4-6D0A152C5F41}.Debug|Any CPU.Build.0 = Debug|Any CPU
		{F05A1378-4858-4A70-9FC4-6D0A152C5F41}.Release|Any CPU.ActiveCfg = Release|Any CPU
		{F05A1378-4858-4A70-9FC4-6D0A152C5F41}.Release|Any CPU.Build.0 = Release|Any CPU
	EndGlobalSection
EndGlobal
